
Microsoft Visual Studio Solution File, Format Version 12.00
# Visual Studio Version 17
VisualStudioVersion = 17.1.32421.90
MinimumVisualStudioVersion = 10.0.40219.1
Project("{FAE04EC0-301F-11D3-BF4B-00C04F79EFBC}") = "Calculadora_Proyecto_Final", "Calculadora_Proyecto_Final.csproj", "{3BD8644A-29A4-4260-A989-F8F3E3EFD61A}"
EndProject
Global
	GlobalSection(SolutionConfigurationPlatforms) = preSolution
		Debug|Any CPU = Debug|Any CPU
		Release|Any CPU = Release|Any CPU
	EndGlobalSection
	GlobalSection(ProjectConfigurationPlatforms) = postSolution
		{3BD8644A-29A4-4260-A989-F8F3E3EFD61A}.Debug|Any CPU.ActiveCfg = Debug|Any CPU
		{3BD8644A-29A4-4260-A989-F8F3E3EFD61A}.Debug|Any CPU.Build.0 = Debug|Any CPU
		{3BD8644A-29A4-4260-A989-F8F3E3EFD61A}.Release|Any CPU.ActiveCfg = Release|Any CPU
		{3BD8644A-29A4-4260-A989-F8F3E3EFD61A}.Release|Any CPU.Build.0 = Release|Any CPU
	EndGlobalSection
	GlobalSection(SolutionProperties) = preSolution
		HideSolutionNode = FALSE
	EndGlobalSection
	GlobalSection(ExtensibilityGlobals) = postSolution
		SolutionGuid = {6446FB9A-DF0E-4166-A994-D3938491B872}
	EndGlobalSection
EndGlobal
